
Microsoft Visual Studio Solution File, Format Version 12.00
# Visual Studio Version 17
VisualStudioVersion = 17.4.33213.308
MinimumVisualStudioVersion = 10.0.40219.1
Project("{9A19103F-16F7-4668-BE54-9A1E7A4F7556}") = "Cat.Async", "Cat.Async\Cat.Async.csproj", "{32E5A3F3-7FB5-4090-8B33-29324CB41A9E}"
EndProject
Project("{9A19103F-16F7-4668-BE54-9A1E7A4F7556}") = "Cat.Network", "Cat.Network\Cat.Network.csproj", "{E13F5930-4AC7-4DAD-8EA9-0049EA1DA016}"
EndProject
Project("{9A19103F-16F7-4668-BE54-9A1E7A4F7556}") = "Cat.Network.Test", "Cat.Network.Test\Cat.Network.Test.csproj", "{9737D500-7F23-4D24-B632-0BED3F571E1C}"
EndProject
Project("{9A19103F-16F7-4668-BE54-9A1E7A4F7556}") = "Cat.Network.Steam", "Cat.Network.Steam\Cat.Network.Steam.csproj", "{1489054E-CE27-47BC-B8AB-106F447ECF80}"
EndProject
Project("{FAE04EC0-301F-11D3-BF4B-00C04F79EFBC}") = "Cat.Network.MemoryTest", "Cat.Network.MemoryTest\Cat.Network.MemoryTest.csproj", "{CAA0826A-13DB-45FD-B4F2-DA190E70B90E}"
EndProject
Global
	GlobalSection(SolutionConfigurationPlatforms) = preSolution
		Debug|Any CPU = Debug|Any CPU
		Release|Any CPU = Release|Any CPU
	EndGlobalSection
	GlobalSection(ProjectConfigurationPlatforms) = postSolution
		{32E5A3F3-7FB5-4090-8B33-29324CB41A9E}.Debug|Any CPU.ActiveCfg = Debug|Any CPU
		{32E5A3F3-7FB5-4090-8B33-29324CB41A9E}.Debug|Any CPU.Build.0 = Debug|Any CPU
		{32E5A3F3-7FB5-4090-8B33-29324CB41A9E}.Release|Any CPU.ActiveCfg = Release|Any CPU
		{32E5A3F3-7FB5-4090-8B33-29324CB41A9E}.Release|Any CPU.Build.0 = Release|Any CPU
		{E13F5930-4AC7-4DAD-8EA9-0049EA1DA016}.Debug|Any CPU.ActiveCfg = Debug|Any CPU
		{E13F5930-4AC7-4DAD-8EA9-0049EA1DA016}.Debug|Any CPU.Build.0 = Debug|Any CPU
		{E13F5930-4AC7-4DAD-8EA9-0049EA1DA016}.Release|Any CPU.ActiveCfg = Release|Any CPU
		{E13F5930-4AC7-4DAD-8EA9-0049EA1DA016}.Release|Any CPU.Build.0 = Release|Any CPU
		{9737D500-7F23-4D24-B632-0BED3F571E1C}.Debug|Any CPU.ActiveCfg = Debug|Any CPU
		{9737D500-7F23-4D24-B632-0BED3F571E1C}.Debug|Any CPU.Build.0 = Debug|Any CPU
		{9737D500-7F23-4D24-B632-0BED3F571E1C}.Release|Any CPU.ActiveCfg = Release|Any CPU
		{9737D500-7F23-4D24-B632-0BED3F571E1C}.Release|Any CPU.Build.0 = Release|Any CPU
		{1489054E-CE27-47BC-B8AB-106F447ECF80}.Debug|Any CPU.ActiveCfg = Debug|Any CPU
		{1489054E-CE27-47BC-B8AB-106F447ECF80}.Debug|Any CPU.Build.0 = Debug|Any CPU
		{1489054E-CE27-47BC-B8AB-106F447ECF80}.Release|Any CPU.ActiveCfg = Release|Any CPU
		{1489054E-CE27-47BC-B8AB-106F447ECF80}.Release|Any CPU.Build.0 = Release|Any CPU
		{CAA0826A-13DB-45FD-B4F2-DA190E70B90E}.Debug|Any CPU.ActiveCfg = Debug|Any CPU
		{CAA0826A-13DB-45FD-B4F2-DA190E70B90E}.Debug|Any CPU.Build.0 = Debug|Any CPU
		{CAA0826A-13DB-45FD-B4F2-DA190E70B90E}.Release|Any CPU.ActiveCfg = Release|Any CPU
		{CAA0826A-13DB-45FD-B4F2-DA190E70B90E}.Release|Any CPU.Build.0 = Release|Any CPU
	EndGlobalSection
	GlobalSection(SolutionProperties) = preSolution
		HideSolutionNode = FALSE
	EndGlobalSection
	GlobalSection(ExtensibilityGlobals) = postSolution
		SolutionGuid = {BD86606A-24A0-414E-BB63-4332C5A93DF4}
	EndGlobalSection
EndGlobal
